
Microsoft Visual Studio Solution File, Format Version 12.00
# Visual Studio Version 16
VisualStudioVersion = 16.0.30320.27
MinimumVisualStudioVersion = 10.0.40219.1
Project("{FAE04EC0-301F-11D3-BF4B-00C04F79EFBC}") = "08102020LlamasWhalesAndDodosOhMy", "08102020LlamasWhalesAndDodosOhMy.csproj", "{5306BD5A-D7A3-4954-B3CD-0FC80443AC46}"
EndProject
Global
	GlobalSection(SolutionConfigurationPlatforms) = preSolution
		Debug|Any CPU = Debug|Any CPU
		Release|Any CPU = Release|Any CPU
	EndGlobalSection
	GlobalSection(ProjectConfigurationPlatforms) = postSolution
		{5306BD5A-D7A3-4954-B3CD-0FC80443AC46}.Debug|Any CPU.ActiveCfg = Debug|Any CPU
		{5306BD5A-D7A3-4954-B3CD-0FC80443AC46}.Debug|Any CPU.Build.0 = Debug|Any CPU
		{5306BD5A-D7A3-4954-B3CD-0FC80443AC46}.Release|Any CPU.ActiveCfg = Release|Any CPU
		{5306BD5A-D7A3-4954-B3CD-0FC80443AC46}.Release|Any CPU.Build.0 = Release|Any CPU
	EndGlobalSection
	GlobalSection(SolutionProperties) = preSolution
		HideSolutionNode = FALSE
	EndGlobalSection
	GlobalSection(ExtensibilityGlobals) = postSolution
		SolutionGuid = {28F7218A-C4B3-445D-9B70-E90F9FA894D5}
	EndGlobalSection
EndGlobal
